
Microsoft Visual Studio Solution File, Format Version 12.00
# Visual Studio Version 17
VisualStudioVersion = 17.4.33103.184
MinimumVisualStudioVersion = 10.0.40219.1
Project("{FAE04EC0-301F-11D3-BF4B-00C04F79EFBC}") = "API", "API\API.csproj", "{295FECF9-8AF5-4FBA-B57B-75A6E67909E7}"
EndProject
Global
	GlobalSection(SolutionConfigurationPlatforms) = preSolution
		Debug|Any CPU = Debug|Any CPU
		Release|Any CPU = Release|Any CPU
	EndGlobalSection
	GlobalSection(ProjectConfigurationPlatforms) = postSolution
		{295FECF9-8AF5-4FBA-B57B-75A6E67909E7}.Debug|Any CPU.ActiveCfg = Debug|Any CPU
		{295FECF9-8AF5-4FBA-B57B-75A6E67909E7}.Debug|Any CPU.Build.0 = Debug|Any CPU
		{295FECF9-8AF5-4FBA-B57B-75A6E67909E7}.Release|Any CPU.ActiveCfg = Release|Any CPU
		{295FECF9-8AF5-4FBA-B57B-75A6E67909E7}.Release|Any CPU.Build.0 = Release|Any CPU
	EndGlobalSection
	GlobalSection(SolutionProperties) = preSolution
		HideSolutionNode = FALSE
	EndGlobalSection
	GlobalSection(ExtensibilityGlobals) = postSolution
		SolutionGuid = {E7A5FCAD-41C8-4670-9ADF-7EAEFEA221BD}
	EndGlobalSection
EndGlobal
